
Microsoft Visual Studio Solution File, Format Version 12.00
# Visual Studio Version 17
VisualStudioVersion = 17.9.34622.214
MinimumVisualStudioVersion = 10.0.40219.1
Project("{FAE04EC0-301F-11D3-BF4B-00C04F79EFBC}") = "ProblemSolveConsole", "ProblemSolveConsole\ProblemSolveConsole.csproj", "{66119314-A914-4B63-A923-9E4DA895340A}"
EndProject
Project("{FAE04EC0-301F-11D3-BF4B-00C04F79EFBC}") = "ProblemSolveConsoleUnitTest", "ProblemSolveConsoleUnitTest\ProblemSolveConsoleUnitTest.csproj", "{5282A925-4C2E-44E5-9153-7EACA4424875}"
EndProject
Global
	GlobalSection(SolutionConfigurationPlatforms) = preSolution
		Debug|Any CPU = Debug|Any CPU
		Release|Any CPU = Release|Any CPU
	EndGlobalSection
	GlobalSection(ProjectConfigurationPlatforms) = postSolution
		{66119314-A914-4B63-A923-9E4DA895340A}.Debug|Any CPU.ActiveCfg = Debug|Any CPU
		{66119314-A914-4B63-A923-9E4DA895340A}.Debug|Any CPU.Build.0 = Debug|Any CPU
		{66119314-A914-4B63-A923-9E4DA895340A}.Release|Any CPU.ActiveCfg = Release|Any CPU
		{66119314-A914-4B63-A923-9E4DA895340A}.Release|Any CPU.Build.0 = Release|Any CPU
		{5282A925-4C2E-44E5-9153-7EACA4424875}.Debug|Any CPU.ActiveCfg = Debug|Any CPU
		{5282A925-4C2E-44E5-9153-7EACA4424875}.Debug|Any CPU.Build.0 = Debug|Any CPU
		{5282A925-4C2E-44E5-9153-7EACA4424875}.Release|Any CPU.ActiveCfg = Release|Any CPU
		{5282A925-4C2E-44E5-9153-7EACA4424875}.Release|Any CPU.Build.0 = Release|Any CPU
	EndGlobalSection
	GlobalSection(SolutionProperties) = preSolution
		HideSolutionNode = FALSE
	EndGlobalSection
	GlobalSection(ExtensibilityGlobals) = postSolution
		SolutionGuid = {9021BA90-2357-4BFC-A5E7-808720CF4B99}
	EndGlobalSection
EndGlobal
